{
  "name": "bank_searcher",
  "version": "0.0.1",
  "lockfileVersion": 1,
  "requires": true,
  "dependencies": {
    "zengin-code": {
      "version": "1.0.0-p20191001",
      "resolved": "https://registry.npmjs.org/zengin-code/-/zengin-code-1.0.0-p20191001.tgz",
      "integrity": "sha512-H778SoK2MKQ0ZdoIZ89quiqk1+Y62gKQigwIOrcLgsPFKzwxAb27h0xnYeAxVmiJ/Ns17E0TI+gMRCl3Ds5PYg=="
    }
  }
}
